
Microsoft Visual Studio Solution File, Format Version 12.00
# Visual Studio Version 16
VisualStudioVersion = 16.0.31702.278
MinimumVisualStudioVersion = 10.0.40219.1
Project("{FAE04EC0-301F-11D3-BF4B-00C04F79EFBC}") = "MediumLib", "MediumLib\MediumLib.csproj", "{3EF7C1CE-7F34-46BF-962F-FDD580BD5184}"
EndProject
Project("{FAE04EC0-301F-11D3-BF4B-00C04F79EFBC}") = "MediumLibTests", "MediumLibTests\MediumLibTests.csproj", "{42FB86CC-D47E-41B6-A0ED-0B7C3C4FC480}"
EndProject
Project("{FAE04EC0-301F-11D3-BF4B-00C04F79EFBC}") = "WpfUI", "WpfUI\WpfUI.csproj", "{4A2C119C-441E-4F39-8BF8-D556B54C7051}"
EndProject
Global
	GlobalSection(SolutionConfigurationPlatforms) = preSolution
		Debug|Any CPU = Debug|Any CPU
		Release|Any CPU = Release|Any CPU
	EndGlobalSection
	GlobalSection(ProjectConfigurationPlatforms) = postSolution
		{3EF7C1CE-7F34-46BF-962F-FDD580BD5184}.Debug|Any CPU.ActiveCfg = Debug|Any CPU
		{3EF7C1CE-7F34-46BF-962F-FDD580BD5184}.Debug|Any CPU.Build.0 = Debug|Any CPU
		{3EF7C1CE-7F34-46BF-962F-FDD580BD5184}.Release|Any CPU.ActiveCfg = Release|Any CPU
		{3EF7C1CE-7F34-46BF-962F-FDD580BD5184}.Release|Any CPU.Build.0 = Release|Any CPU
		{42FB86CC-D47E-41B6-A0ED-0B7C3C4FC480}.Debug|Any CPU.ActiveCfg = Debug|Any CPU
		{42FB86CC-D47E-41B6-A0ED-0B7C3C4FC480}.Debug|Any CPU.Build.0 = Debug|Any CPU
		{42FB86CC-D47E-41B6-A0ED-0B7C3C4FC480}.Release|Any CPU.ActiveCfg = Release|Any CPU
		{42FB86CC-D47E-41B6-A0ED-0B7C3C4FC480}.Release|Any CPU.Build.0 = Release|Any CPU
		{4A2C119C-441E-4F39-8BF8-D556B54C7051}.Debug|Any CPU.ActiveCfg = Debug|Any CPU
		{4A2C119C-441E-4F39-8BF8-D556B54C7051}.Debug|Any CPU.Build.0 = Debug|Any CPU
		{4A2C119C-441E-4F39-8BF8-D556B54C7051}.Release|Any CPU.ActiveCfg = Release|Any CPU
		{4A2C119C-441E-4F39-8BF8-D556B54C7051}.Release|Any CPU.Build.0 = Release|Any CPU
	EndGlobalSection
	GlobalSection(SolutionProperties) = preSolution
		HideSolutionNode = FALSE
	EndGlobalSection
	GlobalSection(ExtensibilityGlobals) = postSolution
		SolutionGuid = {54BF4431-BAF6-4CF6-A235-41359C3E1D12}
	EndGlobalSection
EndGlobal
